
Microsoft Visual Studio Solution File, Format Version 12.00
# Visual Studio Version 16
VisualStudioVersion = 16.0.30804.86
MinimumVisualStudioVersion = 10.0.40219.1
Project("{FAE04EC0-301F-11D3-BF4B-00C04F79EFBC}") = "Lessons (рекурсия)_измененный", "Lessons (рекурсия)_измененный.csproj", "{ADF8CCF5-71F9-44FF-B8BB-A1B8A2C802AD}"
EndProject
Global
	GlobalSection(SolutionConfigurationPlatforms) = preSolution
		Debug|Any CPU = Debug|Any CPU
		Release|Any CPU = Release|Any CPU
	EndGlobalSection
	GlobalSection(ProjectConfigurationPlatforms) = postSolution
		{ADF8CCF5-71F9-44FF-B8BB-A1B8A2C802AD}.Debug|Any CPU.ActiveCfg = Debug|Any CPU
		{ADF8CCF5-71F9-44FF-B8BB-A1B8A2C802AD}.Debug|Any CPU.Build.0 = Debug|Any CPU
		{ADF8CCF5-71F9-44FF-B8BB-A1B8A2C802AD}.Release|Any CPU.ActiveCfg = Release|Any CPU
		{ADF8CCF5-71F9-44FF-B8BB-A1B8A2C802AD}.Release|Any CPU.Build.0 = Release|Any CPU
	EndGlobalSection
	GlobalSection(SolutionProperties) = preSolution
		HideSolutionNode = FALSE
	EndGlobalSection
	GlobalSection(ExtensibilityGlobals) = postSolution
		SolutionGuid = {0EC467BF-FDA8-4CBF-9C61-C6F0ABF9EEEF}
	EndGlobalSection
EndGlobal
