
Microsoft Visual Studio Solution File, Format Version 12.00
# Visual Studio Version 16
VisualStudioVersion = 16.0.30804.86
MinimumVisualStudioVersion = 10.0.40219.1
Project("{FAE04EC0-301F-11D3-BF4B-00C04F79EFBC}") = "HomeTask_2.1", "HomeTask_2.1\HomeTask_2.1.csproj", "{286507E6-35D3-4031-9BFD-02CD73167963}"
EndProject
Project("{FAE04EC0-301F-11D3-BF4B-00C04F79EFBC}") = "HomeTask_2.2", "HomeTask_2.2\HomeTask_2.2.csproj", "{8EE58439-8EDD-44BA-9795-22AD3E7FE3EF}"
EndProject
Project("{FAE04EC0-301F-11D3-BF4B-00C04F79EFBC}") = "HomeTask_2.4", "WeatherInfo\HomeTask_2.4.csproj", "{82568F34-A866-4FEA-B5A6-AA8A8A67121A}"
EndProject
Project("{FAE04EC0-301F-11D3-BF4B-00C04F79EFBC}") = "HomeTask_2.3", "HomeTask_2.3\HomeTask_2.3.csproj", "{BCF72D30-5849-4D50-BA7B-1F71E5A39F3E}"
EndProject
Global
	GlobalSection(SolutionConfigurationPlatforms) = preSolution
		Debug|Any CPU = Debug|Any CPU
		Release|Any CPU = Release|Any CPU
	EndGlobalSection
	GlobalSection(ProjectConfigurationPlatforms) = postSolution
		{286507E6-35D3-4031-9BFD-02CD73167963}.Debug|Any CPU.ActiveCfg = Debug|Any CPU
		{286507E6-35D3-4031-9BFD-02CD73167963}.Debug|Any CPU.Build.0 = Debug|Any CPU
		{286507E6-35D3-4031-9BFD-02CD73167963}.Release|Any CPU.ActiveCfg = Release|Any CPU
		{286507E6-35D3-4031-9BFD-02CD73167963}.Release|Any CPU.Build.0 = Release|Any CPU
		{8EE58439-8EDD-44BA-9795-22AD3E7FE3EF}.Debug|Any CPU.ActiveCfg = Debug|Any CPU
		{8EE58439-8EDD-44BA-9795-22AD3E7FE3EF}.Debug|Any CPU.Build.0 = Debug|Any CPU
		{8EE58439-8EDD-44BA-9795-22AD3E7FE3EF}.Release|Any CPU.ActiveCfg = Release|Any CPU
		{8EE58439-8EDD-44BA-9795-22AD3E7FE3EF}.Release|Any CPU.Build.0 = Release|Any CPU
		{82568F34-A866-4FEA-B5A6-AA8A8A67121A}.Debug|Any CPU.ActiveCfg = Debug|Any CPU
		{82568F34-A866-4FEA-B5A6-AA8A8A67121A}.Debug|Any CPU.Build.0 = Debug|Any CPU
		{82568F34-A866-4FEA-B5A6-AA8A8A67121A}.Release|Any CPU.ActiveCfg = Release|Any CPU
		{82568F34-A866-4FEA-B5A6-AA8A8A67121A}.Release|Any CPU.Build.0 = Release|Any CPU
		{BCF72D30-5849-4D50-BA7B-1F71E5A39F3E}.Debug|Any CPU.ActiveCfg = Debug|Any CPU
		{BCF72D30-5849-4D50-BA7B-1F71E5A39F3E}.Debug|Any CPU.Build.0 = Debug|Any CPU
		{BCF72D30-5849-4D50-BA7B-1F71E5A39F3E}.Release|Any CPU.ActiveCfg = Release|Any CPU
		{BCF72D30-5849-4D50-BA7B-1F71E5A39F3E}.Release|Any CPU.Build.0 = Release|Any CPU
	EndGlobalSection
	GlobalSection(SolutionProperties) = preSolution
		HideSolutionNode = FALSE
	EndGlobalSection
	GlobalSection(ExtensibilityGlobals) = postSolution
		SolutionGuid = {C46E9EB2-C0F5-467D-9D38-3D490169BCC9}
	EndGlobalSection
EndGlobal
