
Microsoft Visual Studio Solution File, Format Version 12.00
# Visual Studio Version 16
VisualStudioVersion = 16.0.31005.135
MinimumVisualStudioVersion = 10.0.40219.1
Project("{FAE04EC0-301F-11D3-BF4B-00C04F79EFBC}") = "Home Task_8", "Home Task_8\Home Task_8.csproj", "{A8835A72-0577-4177-8C33-49EBE6D1F26C}"
EndProject
Project("{FAE04EC0-301F-11D3-BF4B-00C04F79EFBC}") = "ExternalSort", "ExternalSort\ExternalSort.csproj", "{BC0010E3-A667-4840-A5BC-3E270439A7FF}"
EndProject
Global
	GlobalSection(SolutionConfigurationPlatforms) = preSolution
		Debug|Any CPU = Debug|Any CPU
		Release|Any CPU = Release|Any CPU
	EndGlobalSection
	GlobalSection(ProjectConfigurationPlatforms) = postSolution
		{A8835A72-0577-4177-8C33-49EBE6D1F26C}.Debug|Any CPU.ActiveCfg = Debug|Any CPU
		{A8835A72-0577-4177-8C33-49EBE6D1F26C}.Debug|Any CPU.Build.0 = Debug|Any CPU
		{A8835A72-0577-4177-8C33-49EBE6D1F26C}.Release|Any CPU.ActiveCfg = Release|Any CPU
		{A8835A72-0577-4177-8C33-49EBE6D1F26C}.Release|Any CPU.Build.0 = Release|Any CPU
		{BC0010E3-A667-4840-A5BC-3E270439A7FF}.Debug|Any CPU.ActiveCfg = Debug|Any CPU
		{BC0010E3-A667-4840-A5BC-3E270439A7FF}.Debug|Any CPU.Build.0 = Debug|Any CPU
		{BC0010E3-A667-4840-A5BC-3E270439A7FF}.Release|Any CPU.ActiveCfg = Release|Any CPU
		{BC0010E3-A667-4840-A5BC-3E270439A7FF}.Release|Any CPU.Build.0 = Release|Any CPU
	EndGlobalSection
	GlobalSection(SolutionProperties) = preSolution
		HideSolutionNode = FALSE
	EndGlobalSection
	GlobalSection(ExtensibilityGlobals) = postSolution
		SolutionGuid = {22ACB817-D03F-4B1A-8497-75D1DF1C6A0B}
	EndGlobalSection
EndGlobal
