
Microsoft Visual Studio Solution File, Format Version 12.00
# Visual Studio Version 16
VisualStudioVersion = 16.0.30804.86
MinimumVisualStudioVersion = 10.0.40219.1
Project("{FAE04EC0-301F-11D3-BF4B-00C04F79EFBC}") = "HomeTask_6.1", "HomeTask_6.1\HomeTask_6.1.csproj", "{1594A5CD-9DA2-48DF-8F63-E7A14DF5990F}"
EndProject
Global
	GlobalSection(SolutionConfigurationPlatforms) = preSolution
		Debug|Any CPU = Debug|Any CPU
		Release|Any CPU = Release|Any CPU
	EndGlobalSection
	GlobalSection(ProjectConfigurationPlatforms) = postSolution
		{1594A5CD-9DA2-48DF-8F63-E7A14DF5990F}.Debug|Any CPU.ActiveCfg = Debug|Any CPU
		{1594A5CD-9DA2-48DF-8F63-E7A14DF5990F}.Debug|Any CPU.Build.0 = Debug|Any CPU
		{1594A5CD-9DA2-48DF-8F63-E7A14DF5990F}.Release|Any CPU.ActiveCfg = Release|Any CPU
		{1594A5CD-9DA2-48DF-8F63-E7A14DF5990F}.Release|Any CPU.Build.0 = Release|Any CPU
	EndGlobalSection
	GlobalSection(SolutionProperties) = preSolution
		HideSolutionNode = FALSE
	EndGlobalSection
	GlobalSection(ExtensibilityGlobals) = postSolution
		SolutionGuid = {A9422D4C-260B-4F19-9E6B-BC5A8308EAEE}
	EndGlobalSection
EndGlobal
