
Microsoft Visual Studio Solution File, Format Version 12.00
# Visual Studio Version 16
VisualStudioVersion = 16.0.30907.101
MinimumVisualStudioVersion = 10.0.40219.1
Project("{FAE04EC0-301F-11D3-BF4B-00C04F79EFBC}") = "HomeTask_3", "HomeTask_3\HomeTask_3.csproj", "{F419A454-61E7-45B7-843C-5272DC0984E7}"
EndProject
Global
	GlobalSection(SolutionConfigurationPlatforms) = preSolution
		Debug|Any CPU = Debug|Any CPU
		Release|Any CPU = Release|Any CPU
	EndGlobalSection
	GlobalSection(ProjectConfigurationPlatforms) = postSolution
		{F419A454-61E7-45B7-843C-5272DC0984E7}.Debug|Any CPU.ActiveCfg = Debug|Any CPU
		{F419A454-61E7-45B7-843C-5272DC0984E7}.Debug|Any CPU.Build.0 = Debug|Any CPU
		{F419A454-61E7-45B7-843C-5272DC0984E7}.Release|Any CPU.ActiveCfg = Release|Any CPU
		{F419A454-61E7-45B7-843C-5272DC0984E7}.Release|Any CPU.Build.0 = Release|Any CPU
	EndGlobalSection
	GlobalSection(SolutionProperties) = preSolution
		HideSolutionNode = FALSE
	EndGlobalSection
	GlobalSection(ExtensibilityGlobals) = postSolution
		SolutionGuid = {6754C0BE-8C4C-48A2-A1D7-F624FD89CFBE}
	EndGlobalSection
EndGlobal
